%{
  "base62": {:hex, :base62, "1.2.1", "4866763e08555a7b3917064e9eef9194c41667276c51b59de2bc42c6ea65f806", [:mix], [{:custom_base, "~> 0.2.1", [hex: :custom_base, repo: "hexpm", optional: false]}], "hexpm", "3b29948de2013d3f93aa898c884a9dff847e7aec75d9d6d8c1dc4c61c2716c42"},
  "benchfella": {:hex, :benchfella, "0.3.5", "b2122c234117b3f91ed7b43b6e915e19e1ab216971154acd0a80ce0e9b8c05f5", [:mix], [], "hexpm", "23f27cbc482cbac03fc8926441eb60a5e111759c17642bac005c3225f5eb809d"},
  "bunt": {:hex, :bunt, "0.2.0", "951c6e801e8b1d2cbe58ebbd3e616a869061ddadcc4863d0a2182541acae9a38", [:mix], [], "hexpm", "7af5c7e09fe1d40f76c8e4f9dd2be7cebd83909f31fee7cd0e9eadc567da8353"},
  "credo": {:hex, :credo, "1.5.1", "4fe303cc828412b9d21eed4eab60914c401e71f117f40243266aafb66f30d036", [:mix], [{:bunt, "~> 0.2.0", [hex: :bunt, repo: "hexpm", optional: false]}, {:file_system, "~> 0.2.8", [hex: :file_system, repo: "hexpm", optional: false]}, {:jason, "~> 1.0", [hex: :jason, repo: "hexpm", optional: false]}], "hexpm", "0b219ca4dcc89e4e7bc6ae7e6539c313e738e192e10b85275fa1e82b5203ecd7"},
  "custom_base": {:hex, :custom_base, "0.2.1", "4a832a42ea0552299d81652aa0b1f775d462175293e99dfbe4d7dbaab785a706", [:mix], [], "hexpm", "8df019facc5ec9603e94f7270f1ac73ddf339f56ade76a721eaa57c1493ba463"},
  "decimal": {:hex, :decimal, "1.1.1"},
  "file_system": {:hex, :file_system, "0.2.9", "545b9c9d502e8bfa71a5315fac2a923bd060fd9acb797fe6595f54b0f975fd32", [:mix], [], "hexpm", "3cf87a377fe1d93043adeec4889feacf594957226b4f19d5897096d6f61345d8"},
  "jason": {:hex, :jason, "1.2.2", "ba43e3f2709fd1aa1dce90aaabfd039d000469c05c56f0b8e31978e03fa39052", [:mix], [{:decimal, "~> 1.0 or ~> 2.0", [hex: :decimal, repo: "hexpm", optional: true]}], "hexpm", "18a228f5f0058ee183f29f9eae0805c6e59d61c3b006760668d8d18ff0d12179"},
  "poison": {:hex, :poison, "3.1.0", "d9eb636610e096f86f25d9a46f35a9facac35609a7591b3be3326e99a0484665", [:mix], [], "hexpm"},
  "poolboy": {:hex, :poolboy, "1.5.1"},
}
